
Microsoft Visual Studio Solution File, Format Version 12.00
# Visual Studio Version 17
VisualStudioVersion = 17.0.31903.59
MinimumVisualStudioVersion = 10.0.40219.1
Project("{9A19103F-16F7-4668-BE54-9A1E7A4F7556}") = "SimpleDb", "src\SimpleDb\SimpleDb.csproj", "{EEC9ADB1-C4E9-4E0A-8897-C7A221B55D36}"
EndProject
Project("{9A19103F-16F7-4668-BE54-9A1E7A4F7556}") = "SimpleDb.UnitTests", "test\SimpleDb.UnitTests\SimpleDb.UnitTests.csproj", "{947B80DE-8862-42EF-9281-E4C794D31E34}"
EndProject
Global
	GlobalSection(SolutionConfigurationPlatforms) = preSolution
		Debug|Any CPU = Debug|Any CPU
		Release|Any CPU = Release|Any CPU
	EndGlobalSection
	GlobalSection(ProjectConfigurationPlatforms) = postSolution
		{EEC9ADB1-C4E9-4E0A-8897-C7A221B55D36}.Debug|Any CPU.ActiveCfg = Debug|Any CPU
		{EEC9ADB1-C4E9-4E0A-8897-C7A221B55D36}.Debug|Any CPU.Build.0 = Debug|Any CPU
		{EEC9ADB1-C4E9-4E0A-8897-C7A221B55D36}.Release|Any CPU.ActiveCfg = Release|Any CPU
		{EEC9ADB1-C4E9-4E0A-8897-C7A221B55D36}.Release|Any CPU.Build.0 = Release|Any CPU
		{947B80DE-8862-42EF-9281-E4C794D31E34}.Debug|Any CPU.ActiveCfg = Debug|Any CPU
		{947B80DE-8862-42EF-9281-E4C794D31E34}.Debug|Any CPU.Build.0 = Debug|Any CPU
		{947B80DE-8862-42EF-9281-E4C794D31E34}.Release|Any CPU.ActiveCfg = Release|Any CPU
		{947B80DE-8862-42EF-9281-E4C794D31E34}.Release|Any CPU.Build.0 = Release|Any CPU
	EndGlobalSection
	GlobalSection(SolutionProperties) = preSolution
		HideSolutionNode = FALSE
	EndGlobalSection
	GlobalSection(ExtensibilityGlobals) = postSolution
		SolutionGuid = {C6CAFFFF-F740-4315-A05C-086FD2FDFE5F}
	EndGlobalSection
EndGlobal
